
Microsoft Visual Studio Solution File, Format Version 12.00
# Visual Studio 2013
VisualStudioVersion = 12.0.21005.1
MinimumVisualStudioVersion = 10.0.40219.1
Project("{FAE04EC0-301F-11D3-BF4B-00C04F79EFBC}") = "note01", "note01\note01.csproj", "{1323DA37-1790-4231-8C57-35BB640A74DC}"
EndProject
Project("{FAE04EC0-301F-11D3-BF4B-00C04F79EFBC}") = "_02索引器", "_02索引器\_02索引器.csproj", "{04315AC6-46C5-4E45-96A4-880E98DD839E}"
EndProject
Project("{FAE04EC0-301F-11D3-BF4B-00C04F79EFBC}") = "_03练习", "_03练习\_03练习.csproj", "{4377F7E7-4EF6-4458-85B7-0AF44D573529}"
EndProject
Global
	GlobalSection(SolutionConfigurationPlatforms) = preSolution
		Debug|Any CPU = Debug|Any CPU
		Release|Any CPU = Release|Any CPU
	EndGlobalSection
	GlobalSection(ProjectConfigurationPlatforms) = postSolution
		{1323DA37-1790-4231-8C57-35BB640A74DC}.Debug|Any CPU.ActiveCfg = Debug|Any CPU
		{1323DA37-1790-4231-8C57-35BB640A74DC}.Debug|Any CPU.Build.0 = Debug|Any CPU
		{1323DA37-1790-4231-8C57-35BB640A74DC}.Release|Any CPU.ActiveCfg = Release|Any CPU
		{1323DA37-1790-4231-8C57-35BB640A74DC}.Release|Any CPU.Build.0 = Release|Any CPU
		{04315AC6-46C5-4E45-96A4-880E98DD839E}.Debug|Any CPU.ActiveCfg = Debug|Any CPU
		{04315AC6-46C5-4E45-96A4-880E98DD839E}.Debug|Any CPU.Build.0 = Debug|Any CPU
		{04315AC6-46C5-4E45-96A4-880E98DD839E}.Release|Any CPU.ActiveCfg = Release|Any CPU
		{04315AC6-46C5-4E45-96A4-880E98DD839E}.Release|Any CPU.Build.0 = Release|Any CPU
		{4377F7E7-4EF6-4458-85B7-0AF44D573529}.Debug|Any CPU.ActiveCfg = Debug|Any CPU
		{4377F7E7-4EF6-4458-85B7-0AF44D573529}.Debug|Any CPU.Build.0 = Debug|Any CPU
		{4377F7E7-4EF6-4458-85B7-0AF44D573529}.Release|Any CPU.ActiveCfg = Release|Any CPU
		{4377F7E7-4EF6-4458-85B7-0AF44D573529}.Release|Any CPU.Build.0 = Release|Any CPU
	EndGlobalSection
	GlobalSection(SolutionProperties) = preSolution
		HideSolutionNode = FALSE
	EndGlobalSection
EndGlobal
