
Microsoft Visual Studio Solution File, Format Version 12.00
# Visual Studio 2013
VisualStudioVersion = 12.0.21005.1
MinimumVisualStudioVersion = 10.0.40219.1
Project("{FAE04EC0-301F-11D3-BF4B-00C04F79EFBC}") = "note01", "note01\note01.csproj", "{1323DA37-1790-4231-8C57-35BB640A74DC}"
EndProject
Project("{FAE04EC0-301F-11D3-BF4B-00C04F79EFBC}") = "_02索引器", "_02索引器\_02索引器.csproj", "{04315AC6-46C5-4E45-96A4-880E98DD839E}"
EndProject
Project("{FAE04EC0-301F-11D3-BF4B-00C04F79EFBC}") = "_03练习", "_03练习\_03练习.csproj", "{4377F7E7-4EF6-4458-85B7-0AF44D573529}"
EndProject
Project("{FAE04EC0-301F-11D3-BF4B-00C04F79EFBC}") = "note02【索引器】", "note02【索引器】\note02【索引器】.csproj", "{25FD706F-55D4-4DA3-A628-46FD5AD87824}"
EndProject
Project("{FAE04EC0-301F-11D3-BF4B-00C04F79EFBC}") = "_05面向对象1", "_05面向对象1\_05面向对象1.csproj", "{41BE29E8-184B-48B4-94FA-5249BF3D9FCD}"
EndProject
Project("{FAE04EC0-301F-11D3-BF4B-00C04F79EFBC}") = "_06面向对象计算器", "_06面向对象计算器\_06面向对象计算器.csproj", "{2D72C04F-F24C-47E3-85DF-8DC887BA2909}"
EndProject
Project("{FAE04EC0-301F-11D3-BF4B-00C04F79EFBC}") = "_07猜拳", "_07猜拳\_07猜拳.csproj", "{80A28F37-3F1E-4D97-85FB-5C7CBD83DE16}"
EndProject
Project("{FAE04EC0-301F-11D3-BF4B-00C04F79EFBC}") = "_08变量作用域", "_08变量作用域\_08变量作用域.csproj", "{756A5BA8-EE3D-4350-8365-7576AB8D01C9}"
EndProject
Project("{FAE04EC0-301F-11D3-BF4B-00C04F79EFBC}") = "_09封装", "_09封装\_09封装.csproj", "{4E645231-5050-42E3-9B57-56EE5552008C}"
EndProject
Project("{FAE04EC0-301F-11D3-BF4B-00C04F79EFBC}") = "_10继承", "_10继承\_10继承.csproj", "{0DE587BD-9FE8-41F0-9B11-C2E19762AE01}"
EndProject
Project("{FAE04EC0-301F-11D3-BF4B-00C04F79EFBC}") = "_11继承中的构造函数问题", "_11继承中的构造函数问题\_11继承中的构造函数问题.csproj", "{15198CC6-F4F8-49ED-B678-CB528E857F6E}"
EndProject
Project("{FAE04EC0-301F-11D3-BF4B-00C04F79EFBC}") = "_12通过base调用父类构造函数", "_12通过base调用父类构造函数\_12通过base调用父类构造函数.csproj", "{A7F92DE6-D1D3-4FDB-9412-FA6C391A3C83}"
EndProject
Global
	GlobalSection(SolutionConfigurationPlatforms) = preSolution
		Debug|Any CPU = Debug|Any CPU
		Release|Any CPU = Release|Any CPU
	EndGlobalSection
	GlobalSection(ProjectConfigurationPlatforms) = postSolution
		{1323DA37-1790-4231-8C57-35BB640A74DC}.Debug|Any CPU.ActiveCfg = Debug|Any CPU
		{1323DA37-1790-4231-8C57-35BB640A74DC}.Debug|Any CPU.Build.0 = Debug|Any CPU
		{1323DA37-1790-4231-8C57-35BB640A74DC}.Release|Any CPU.ActiveCfg = Release|Any CPU
		{1323DA37-1790-4231-8C57-35BB640A74DC}.Release|Any CPU.Build.0 = Release|Any CPU
		{04315AC6-46C5-4E45-96A4-880E98DD839E}.Debug|Any CPU.ActiveCfg = Debug|Any CPU
		{04315AC6-46C5-4E45-96A4-880E98DD839E}.Debug|Any CPU.Build.0 = Debug|Any CPU
		{04315AC6-46C5-4E45-96A4-880E98DD839E}.Release|Any CPU.ActiveCfg = Release|Any CPU
		{04315AC6-46C5-4E45-96A4-880E98DD839E}.Release|Any CPU.Build.0 = Release|Any CPU
		{4377F7E7-4EF6-4458-85B7-0AF44D573529}.Debug|Any CPU.ActiveCfg = Debug|Any CPU
		{4377F7E7-4EF6-4458-85B7-0AF44D573529}.Debug|Any CPU.Build.0 = Debug|Any CPU
		{4377F7E7-4EF6-4458-85B7-0AF44D573529}.Release|Any CPU.ActiveCfg = Release|Any CPU
		{4377F7E7-4EF6-4458-85B7-0AF44D573529}.Release|Any CPU.Build.0 = Release|Any CPU
		{25FD706F-55D4-4DA3-A628-46FD5AD87824}.Debug|Any CPU.ActiveCfg = Debug|Any CPU
		{25FD706F-55D4-4DA3-A628-46FD5AD87824}.Debug|Any CPU.Build.0 = Debug|Any CPU
		{25FD706F-55D4-4DA3-A628-46FD5AD87824}.Release|Any CPU.ActiveCfg = Release|Any CPU
		{25FD706F-55D4-4DA3-A628-46FD5AD87824}.Release|Any CPU.Build.0 = Release|Any CPU
		{41BE29E8-184B-48B4-94FA-5249BF3D9FCD}.Debug|Any CPU.ActiveCfg = Debug|Any CPU
		{41BE29E8-184B-48B4-94FA-5249BF3D9FCD}.Debug|Any CPU.Build.0 = Debug|Any CPU
		{41BE29E8-184B-48B4-94FA-5249BF3D9FCD}.Release|Any CPU.ActiveCfg = Release|Any CPU
		{41BE29E8-184B-48B4-94FA-5249BF3D9FCD}.Release|Any CPU.Build.0 = Release|Any CPU
		{2D72C04F-F24C-47E3-85DF-8DC887BA2909}.Debug|Any CPU.ActiveCfg = Debug|Any CPU
		{2D72C04F-F24C-47E3-85DF-8DC887BA2909}.Debug|Any CPU.Build.0 = Debug|Any CPU
		{2D72C04F-F24C-47E3-85DF-8DC887BA2909}.Release|Any CPU.ActiveCfg = Release|Any CPU
		{2D72C04F-F24C-47E3-85DF-8DC887BA2909}.Release|Any CPU.Build.0 = Release|Any CPU
		{80A28F37-3F1E-4D97-85FB-5C7CBD83DE16}.Debug|Any CPU.ActiveCfg = Debug|Any CPU
		{80A28F37-3F1E-4D97-85FB-5C7CBD83DE16}.Debug|Any CPU.Build.0 = Debug|Any CPU
		{80A28F37-3F1E-4D97-85FB-5C7CBD83DE16}.Release|Any CPU.ActiveCfg = Release|Any CPU
		{80A28F37-3F1E-4D97-85FB-5C7CBD83DE16}.Release|Any CPU.Build.0 = Release|Any CPU
		{756A5BA8-EE3D-4350-8365-7576AB8D01C9}.Debug|Any CPU.ActiveCfg = Debug|Any CPU
		{756A5BA8-EE3D-4350-8365-7576AB8D01C9}.Debug|Any CPU.Build.0 = Debug|Any CPU
		{756A5BA8-EE3D-4350-8365-7576AB8D01C9}.Release|Any CPU.ActiveCfg = Release|Any CPU
		{756A5BA8-EE3D-4350-8365-7576AB8D01C9}.Release|Any CPU.Build.0 = Release|Any CPU
		{4E645231-5050-42E3-9B57-56EE5552008C}.Debug|Any CPU.ActiveCfg = Debug|Any CPU
		{4E645231-5050-42E3-9B57-56EE5552008C}.Debug|Any CPU.Build.0 = Debug|Any CPU
		{4E645231-5050-42E3-9B57-56EE5552008C}.Release|Any CPU.ActiveCfg = Release|Any CPU
		{4E645231-5050-42E3-9B57-56EE5552008C}.Release|Any CPU.Build.0 = Release|Any CPU
		{0DE587BD-9FE8-41F0-9B11-C2E19762AE01}.Debug|Any CPU.ActiveCfg = Debug|Any CPU
		{0DE587BD-9FE8-41F0-9B11-C2E19762AE01}.Debug|Any CPU.Build.0 = Debug|Any CPU
		{0DE587BD-9FE8-41F0-9B11-C2E19762AE01}.Release|Any CPU.ActiveCfg = Release|Any CPU
		{0DE587BD-9FE8-41F0-9B11-C2E19762AE01}.Release|Any CPU.Build.0 = Release|Any CPU
		{15198CC6-F4F8-49ED-B678-CB528E857F6E}.Debug|Any CPU.ActiveCfg = Debug|Any CPU
		{15198CC6-F4F8-49ED-B678-CB528E857F6E}.Debug|Any CPU.Build.0 = Debug|Any CPU
		{15198CC6-F4F8-49ED-B678-CB528E857F6E}.Release|Any CPU.ActiveCfg = Release|Any CPU
		{15198CC6-F4F8-49ED-B678-CB528E857F6E}.Release|Any CPU.Build.0 = Release|Any CPU
		{A7F92DE6-D1D3-4FDB-9412-FA6C391A3C83}.Debug|Any CPU.ActiveCfg = Debug|Any CPU
		{A7F92DE6-D1D3-4FDB-9412-FA6C391A3C83}.Debug|Any CPU.Build.0 = Debug|Any CPU
		{A7F92DE6-D1D3-4FDB-9412-FA6C391A3C83}.Release|Any CPU.ActiveCfg = Release|Any CPU
		{A7F92DE6-D1D3-4FDB-9412-FA6C391A3C83}.Release|Any CPU.Build.0 = Release|Any CPU
	EndGlobalSection
	GlobalSection(SolutionProperties) = preSolution
		HideSolutionNode = FALSE
	EndGlobalSection
EndGlobal
