
Microsoft Visual Studio Solution File, Format Version 12.00
# Visual Studio 2013
VisualStudioVersion = 12.0.21005.1
MinimumVisualStudioVersion = 10.0.40219.1
Project("{FAE04EC0-301F-11D3-BF4B-00C04F79EFBC}") = "_01我的第一个项目", "_01我的第一个项目\_01我的第一个项目.csproj", "{6CA343BE-DEB0-4753-B56F-21DDB6273C0B}"
EndProject
Project("{FAE04EC0-301F-11D3-BF4B-00C04F79EFBC}") = "_02第二个项目", "_02第二个项目\_02第二个项目.csproj", "{CF3863D6-A6C4-48D5-B878-36F63DC8BF32}"
EndProject
Project("{FAE04EC0-301F-11D3-BF4B-00C04F79EFBC}") = "_03练习", "_03练习\_03练习.csproj", "{3E318B02-39F2-459C-9FDB-6121BA128238}"
EndProject
Project("{FAE04EC0-301F-11D3-BF4B-00C04F79EFBC}") = "_012变量", "_012变量\_012变量.csproj", "{30D3C85D-7EC7-4908-B2DF-39751CB170FF}"
EndProject
Project("{FAE04EC0-301F-11D3-BF4B-00C04F79EFBC}") = "_06用户输入", "_06用户输入\_06用户输入.csproj", "{2F18BA6F-9B75-4FC8-96D8-3DECF4AB16C8}"
EndProject
Project("{FAE04EC0-301F-11D3-BF4B-00C04F79EFBC}") = "_013交换两个变量的值", "_013交换两个变量的值\_013交换两个变量的值.csproj", "{9779A2AA-C392-4EBC-9E66-564BB8D8EFAC}"
EndProject
Project("{FAE04EC0-301F-11D3-BF4B-00C04F79EFBC}") = "_014trycatch", "_014trycatch\_014trycatch.csproj", "{985B1F39-DF26-4379-BF85-12174804D268}"
EndProject
Project("{FAE04EC0-301F-11D3-BF4B-00C04F79EFBC}") = "_01练习", "_01练习\_01练习.csproj", "{68356F4C-7922-41C4-8DAE-FFE402B77BD7}"
EndProject
Project("{FAE04EC0-301F-11D3-BF4B-00C04F79EFBC}") = "_016运算符", "_016运算符\_016运算符.csproj", "{3655412A-E739-4ED9-BE56-01D128C71A33}"
EndProject
Project("{FAE04EC0-301F-11D3-BF4B-00C04F79EFBC}") = "_017调试", "_017调试\_017调试.csproj", "{0E60EEC6-E4BA-4C08-AC76-2A2D458E2AC2}"
EndProject
Project("{FAE04EC0-301F-11D3-BF4B-00C04F79EFBC}") = "_018枚举", "_018枚举\_018枚举.csproj", "{4252427E-9537-4D38-8C77-269BFE42B27C}"
EndProject
Project("{FAE04EC0-301F-11D3-BF4B-00C04F79EFBC}") = "_018Demo", "_018Demo\_018Demo.csproj", "{0F26815B-B3C1-4141-8261-89F902AB5EC2}"
EndProject
Project("{FAE04EC0-301F-11D3-BF4B-00C04F79EFBC}") = "_019结构", "_019结构\_019结构.csproj", "{4A617B7D-397A-4A1B-A149-C9D330522A51}"
EndProject
Project("{FAE04EC0-301F-11D3-BF4B-00C04F79EFBC}") = "_20冒泡排序", "_20冒泡排序\_20冒泡排序.csproj", "{DC2F8FF6-E841-4152-8854-F62DC7DBE5FA}"
EndProject
Project("{FAE04EC0-301F-11D3-BF4B-00C04F79EFBC}") = "_21参数", "_21参数\_21参数.csproj", "{E3BAB344-887E-4F7E-918A-048AEBCCE288}"
EndProject
Project("{FAE04EC0-301F-11D3-BF4B-00C04F79EFBC}") = "_22读入一个整数", "_22读入一个整数\_22读入一个整数.csproj", "{BE1241E3-2F3E-4B82-91D8-1248EFD8E8FF}"
EndProject
Project("{FAE04EC0-301F-11D3-BF4B-00C04F79EFBC}") = "_023方法重载", "_023方法重载\_023方法重载.csproj", "{88A10272-37A9-47F2-936B-82C6C300E5CA}"
EndProject
Project("{FAE04EC0-301F-11D3-BF4B-00C04F79EFBC}") = "_024IntTryParse", "_024IntTryParse\_024IntTryParse.csproj", "{36A8CA09-71DA-40E8-9C20-A9B6338810A8}"
EndProject
Global
	GlobalSection(SolutionConfigurationPlatforms) = preSolution
		Debug|Any CPU = Debug|Any CPU
		Release|Any CPU = Release|Any CPU
	EndGlobalSection
	GlobalSection(ProjectConfigurationPlatforms) = postSolution
		{6CA343BE-DEB0-4753-B56F-21DDB6273C0B}.Debug|Any CPU.ActiveCfg = Debug|Any CPU
		{6CA343BE-DEB0-4753-B56F-21DDB6273C0B}.Debug|Any CPU.Build.0 = Debug|Any CPU
		{6CA343BE-DEB0-4753-B56F-21DDB6273C0B}.Release|Any CPU.ActiveCfg = Release|Any CPU
		{6CA343BE-DEB0-4753-B56F-21DDB6273C0B}.Release|Any CPU.Build.0 = Release|Any CPU
		{CF3863D6-A6C4-48D5-B878-36F63DC8BF32}.Debug|Any CPU.ActiveCfg = Debug|Any CPU
		{CF3863D6-A6C4-48D5-B878-36F63DC8BF32}.Debug|Any CPU.Build.0 = Debug|Any CPU
		{CF3863D6-A6C4-48D5-B878-36F63DC8BF32}.Release|Any CPU.ActiveCfg = Release|Any CPU
		{CF3863D6-A6C4-48D5-B878-36F63DC8BF32}.Release|Any CPU.Build.0 = Release|Any CPU
		{3E318B02-39F2-459C-9FDB-6121BA128238}.Debug|Any CPU.ActiveCfg = Debug|Any CPU
		{3E318B02-39F2-459C-9FDB-6121BA128238}.Debug|Any CPU.Build.0 = Debug|Any CPU
		{3E318B02-39F2-459C-9FDB-6121BA128238}.Release|Any CPU.ActiveCfg = Release|Any CPU
		{3E318B02-39F2-459C-9FDB-6121BA128238}.Release|Any CPU.Build.0 = Release|Any CPU
		{30D3C85D-7EC7-4908-B2DF-39751CB170FF}.Debug|Any CPU.ActiveCfg = Debug|Any CPU
		{30D3C85D-7EC7-4908-B2DF-39751CB170FF}.Debug|Any CPU.Build.0 = Debug|Any CPU
		{30D3C85D-7EC7-4908-B2DF-39751CB170FF}.Release|Any CPU.ActiveCfg = Release|Any CPU
		{30D3C85D-7EC7-4908-B2DF-39751CB170FF}.Release|Any CPU.Build.0 = Release|Any CPU
		{2F18BA6F-9B75-4FC8-96D8-3DECF4AB16C8}.Debug|Any CPU.ActiveCfg = Debug|Any CPU
		{2F18BA6F-9B75-4FC8-96D8-3DECF4AB16C8}.Debug|Any CPU.Build.0 = Debug|Any CPU
		{2F18BA6F-9B75-4FC8-96D8-3DECF4AB16C8}.Release|Any CPU.ActiveCfg = Release|Any CPU
		{2F18BA6F-9B75-4FC8-96D8-3DECF4AB16C8}.Release|Any CPU.Build.0 = Release|Any CPU
		{9779A2AA-C392-4EBC-9E66-564BB8D8EFAC}.Debug|Any CPU.ActiveCfg = Debug|Any CPU
		{9779A2AA-C392-4EBC-9E66-564BB8D8EFAC}.Debug|Any CPU.Build.0 = Debug|Any CPU
		{9779A2AA-C392-4EBC-9E66-564BB8D8EFAC}.Release|Any CPU.ActiveCfg = Release|Any CPU
		{9779A2AA-C392-4EBC-9E66-564BB8D8EFAC}.Release|Any CPU.Build.0 = Release|Any CPU
		{985B1F39-DF26-4379-BF85-12174804D268}.Debug|Any CPU.ActiveCfg = Debug|Any CPU
		{985B1F39-DF26-4379-BF85-12174804D268}.Debug|Any CPU.Build.0 = Debug|Any CPU
		{985B1F39-DF26-4379-BF85-12174804D268}.Release|Any CPU.ActiveCfg = Release|Any CPU
		{985B1F39-DF26-4379-BF85-12174804D268}.Release|Any CPU.Build.0 = Release|Any CPU
		{68356F4C-7922-41C4-8DAE-FFE402B77BD7}.Debug|Any CPU.ActiveCfg = Debug|Any CPU
		{68356F4C-7922-41C4-8DAE-FFE402B77BD7}.Debug|Any CPU.Build.0 = Debug|Any CPU
		{68356F4C-7922-41C4-8DAE-FFE402B77BD7}.Release|Any CPU.ActiveCfg = Release|Any CPU
		{68356F4C-7922-41C4-8DAE-FFE402B77BD7}.Release|Any CPU.Build.0 = Release|Any CPU
		{3655412A-E739-4ED9-BE56-01D128C71A33}.Debug|Any CPU.ActiveCfg = Debug|Any CPU
		{3655412A-E739-4ED9-BE56-01D128C71A33}.Debug|Any CPU.Build.0 = Debug|Any CPU
		{3655412A-E739-4ED9-BE56-01D128C71A33}.Release|Any CPU.ActiveCfg = Release|Any CPU
		{3655412A-E739-4ED9-BE56-01D128C71A33}.Release|Any CPU.Build.0 = Release|Any CPU
		{0E60EEC6-E4BA-4C08-AC76-2A2D458E2AC2}.Debug|Any CPU.ActiveCfg = Debug|Any CPU
		{0E60EEC6-E4BA-4C08-AC76-2A2D458E2AC2}.Debug|Any CPU.Build.0 = Debug|Any CPU
		{0E60EEC6-E4BA-4C08-AC76-2A2D458E2AC2}.Release|Any CPU.ActiveCfg = Release|Any CPU
		{0E60EEC6-E4BA-4C08-AC76-2A2D458E2AC2}.Release|Any CPU.Build.0 = Release|Any CPU
		{4252427E-9537-4D38-8C77-269BFE42B27C}.Debug|Any CPU.ActiveCfg = Debug|Any CPU
		{4252427E-9537-4D38-8C77-269BFE42B27C}.Debug|Any CPU.Build.0 = Debug|Any CPU
		{4252427E-9537-4D38-8C77-269BFE42B27C}.Release|Any CPU.ActiveCfg = Release|Any CPU
		{4252427E-9537-4D38-8C77-269BFE42B27C}.Release|Any CPU.Build.0 = Release|Any CPU
		{0F26815B-B3C1-4141-8261-89F902AB5EC2}.Debug|Any CPU.ActiveCfg = Debug|Any CPU
		{0F26815B-B3C1-4141-8261-89F902AB5EC2}.Debug|Any CPU.Build.0 = Debug|Any CPU
		{0F26815B-B3C1-4141-8261-89F902AB5EC2}.Release|Any CPU.ActiveCfg = Release|Any CPU
		{0F26815B-B3C1-4141-8261-89F902AB5EC2}.Release|Any CPU.Build.0 = Release|Any CPU
		{4A617B7D-397A-4A1B-A149-C9D330522A51}.Debug|Any CPU.ActiveCfg = Debug|Any CPU
		{4A617B7D-397A-4A1B-A149-C9D330522A51}.Debug|Any CPU.Build.0 = Debug|Any CPU
		{4A617B7D-397A-4A1B-A149-C9D330522A51}.Release|Any CPU.ActiveCfg = Release|Any CPU
		{4A617B7D-397A-4A1B-A149-C9D330522A51}.Release|Any CPU.Build.0 = Release|Any CPU
		{DC2F8FF6-E841-4152-8854-F62DC7DBE5FA}.Debug|Any CPU.ActiveCfg = Debug|Any CPU
		{DC2F8FF6-E841-4152-8854-F62DC7DBE5FA}.Debug|Any CPU.Build.0 = Debug|Any CPU
		{DC2F8FF6-E841-4152-8854-F62DC7DBE5FA}.Release|Any CPU.ActiveCfg = Release|Any CPU
		{DC2F8FF6-E841-4152-8854-F62DC7DBE5FA}.Release|Any CPU.Build.0 = Release|Any CPU
		{E3BAB344-887E-4F7E-918A-048AEBCCE288}.Debug|Any CPU.ActiveCfg = Debug|Any CPU
		{E3BAB344-887E-4F7E-918A-048AEBCCE288}.Debug|Any CPU.Build.0 = Debug|Any CPU
		{E3BAB344-887E-4F7E-918A-048AEBCCE288}.Release|Any CPU.ActiveCfg = Release|Any CPU
		{E3BAB344-887E-4F7E-918A-048AEBCCE288}.Release|Any CPU.Build.0 = Release|Any CPU
		{BE1241E3-2F3E-4B82-91D8-1248EFD8E8FF}.Debug|Any CPU.ActiveCfg = Debug|Any CPU
		{BE1241E3-2F3E-4B82-91D8-1248EFD8E8FF}.Debug|Any CPU.Build.0 = Debug|Any CPU
		{BE1241E3-2F3E-4B82-91D8-1248EFD8E8FF}.Release|Any CPU.ActiveCfg = Release|Any CPU
		{BE1241E3-2F3E-4B82-91D8-1248EFD8E8FF}.Release|Any CPU.Build.0 = Release|Any CPU
		{88A10272-37A9-47F2-936B-82C6C300E5CA}.Debug|Any CPU.ActiveCfg = Debug|Any CPU
		{88A10272-37A9-47F2-936B-82C6C300E5CA}.Debug|Any CPU.Build.0 = Debug|Any CPU
		{88A10272-37A9-47F2-936B-82C6C300E5CA}.Release|Any CPU.ActiveCfg = Release|Any CPU
		{88A10272-37A9-47F2-936B-82C6C300E5CA}.Release|Any CPU.Build.0 = Release|Any CPU
		{36A8CA09-71DA-40E8-9C20-A9B6338810A8}.Debug|Any CPU.ActiveCfg = Debug|Any CPU
		{36A8CA09-71DA-40E8-9C20-A9B6338810A8}.Debug|Any CPU.Build.0 = Debug|Any CPU
		{36A8CA09-71DA-40E8-9C20-A9B6338810A8}.Release|Any CPU.ActiveCfg = Release|Any CPU
		{36A8CA09-71DA-40E8-9C20-A9B6338810A8}.Release|Any CPU.Build.0 = Release|Any CPU
	EndGlobalSection
	GlobalSection(SolutionProperties) = preSolution
		HideSolutionNode = FALSE
	EndGlobalSection
EndGlobal
